
Microsoft Visual Studio Solution File, Format Version 12.00
# Visual Studio 15
VisualStudioVersion = 15.0.27703.2047
MinimumVisualStudioVersion = 10.0.40219.1
Project("{FAE04EC0-301F-11D3-BF4B-00C04F79EFBC}") = "FluentValidation.Samples", "FluentValidation.Samples\FluentValidation.Samples.csproj", "{C69A546C-3D9B-40A9-AC2A-5878D560BC8B}"
EndProject
Global
	GlobalSection(SolutionConfigurationPlatforms) = preSolution
		Debug|Any CPU = Debug|Any CPU
		Release|Any CPU = Release|Any CPU
	EndGlobalSection
	GlobalSection(ProjectConfigurationPlatforms) = postSolution
		{C69A546C-3D9B-40A9-AC2A-5878D560BC8B}.Debug|Any CPU.ActiveCfg = Debug|Any CPU
		{C69A546C-3D9B-40A9-AC2A-5878D560BC8B}.Debug|Any CPU.Build.0 = Debug|Any CPU
		{C69A546C-3D9B-40A9-AC2A-5878D560BC8B}.Release|Any CPU.ActiveCfg = Release|Any CPU
		{C69A546C-3D9B-40A9-AC2A-5878D560BC8B}.Release|Any CPU.Build.0 = Release|Any CPU
	EndGlobalSection
	GlobalSection(SolutionProperties) = preSolution
		HideSolutionNode = FALSE
	EndGlobalSection
	GlobalSection(ExtensibilityGlobals) = postSolution
		SolutionGuid = {EFF3B837-1286-4090-8B6F-EAF46D1819EE}
	EndGlobalSection
EndGlobal
